// !$*UTF8*$!
{
	archiveVersion = 1;
	classes = {
	};
	objectVersion = 50;
	objects = {

/* Begin PBXBuildFile section */
		1428822321BE1EFD003670F0 /* AppDelegate.swift in Sources */ = {isa = PBXBuildFile; fileRef = 1428822221BE1EFD003670F0 /* AppDelegate.swift */; };
		1428822821BE1EFD003670F0 /* Main.storyboard in Resources */ = {isa = PBXBuildFile; fileRef = 1428822621BE1EFD003670F0 /* Main.storyboard */; };
		1428822A21BE1EFE003670F0 /* Assets.xcassets in Resources */ = {isa = PBXBuildFile; fileRef = 1428822921BE1EFE003670F0 /* Assets.xcassets */; };
		1428822D21BE1EFE003670F0 /* LaunchScreen.storyboard in Resources */ = {isa = PBXBuildFile; fileRef = 1428822B21BE1EFE003670F0 /* LaunchScreen.storyboard */; };
		1428823521BE1F4C003670F0 /* Candidate.swift in Sources */ = {isa = PBXBuildFile; fileRef = 1428823421BE1F4C003670F0 /* Candidate.swift */; };
		148E380321CC55000076110E /* History.swift in Sources */ = {isa = PBXBuildFile; fileRef = 148E380221CC55000076110E /* History.swift */; };
		148E380521CC57F70076110E /* SectionSetupVC.swift in Sources */ = {isa = PBXBuildFile; fileRef = 148E380421CC57F70076110E /* SectionSetupVC.swift */; };
		14AE515121CC395700106A05 /* SelectionSection.swift in Sources */ = {isa = PBXBuildFile; fileRef = 14AE515021CC395700106A05 /* SelectionSection.swift */; };
		14EEC8E921D543C2001B7646 /* timg.jpeg in Resources */ = {isa = PBXBuildFile; fileRef = 14EEC8E821D543C2001B7646 /* timg.jpeg */; };
		3DE9A5D521DCAB9A00BB2271 /* CandidateCollectionViewCell.swift in Sources */ = {isa = PBXBuildFile; fileRef = 3DE9A5D421DCAB9A00BB2271 /* CandidateCollectionViewCell.swift */; };
		3DE9A5D721DCABA800BB2271 /* CandidateCollectionViewCell.xib in Resources */ = {isa = PBXBuildFile; fileRef = 3DE9A5D621DCABA800BB2271 /* CandidateCollectionViewCell.xib */; };
/* End PBXBuildFile section */

/* Begin PBXFileReference section */
		1428821F21BE1EFD003670F0 /* choice.app */ = {isa = PBXFileReference; explicitFileType = wrapper.application; includeInIndex = 0; path = choice.app; sourceTree = BUILT_PRODUCTS_DIR; };
		1428822221BE1EFD003670F0 /* AppDelegate.swift */ = {isa = PBXFileReference; lastKnownFileType = sourcecode.swift; path = AppDelegate.swift; sourceTree = "<group>"; };
		1428822721BE1EFD003670F0 /* Base */ = {isa = PBXFileReference; lastKnownFileType = file.storyboard; name = Base; path = Base.lproj/Main.storyboard; sourceTree = "<group>"; };
		1428822921BE1EFE003670F0 /* Assets.xcassets */ = {isa = PBXFileReference; lastKnownFileType = folder.assetcatalog; path = Assets.xcassets; sourceTree = "<group>"; };
		1428822C21BE1EFE003670F0 /* Base */ = {isa = PBXFileReference; lastKnownFileType = file.storyboard; name = Base; path = Base.lproj/LaunchScreen.storyboard; sourceTree = "<group>"; };
		1428822E21BE1EFE003670F0 /* Info.plist */ = {isa = PBXFileReference; lastKnownFileType = text.plist.xml; path = Info.plist; sourceTree = "<group>"; };
		1428823421BE1F4C003670F0 /* Candidate.swift */ = {isa = PBXFileReference; lastKnownFileType = sourcecode.swift; path = Candidate.swift; sourceTree = "<group>"; };
		148E380221CC55000076110E /* History.swift */ = {isa = PBXFileReference; lastKnownFileType = sourcecode.swift; path = History.swift; sourceTree = "<group>"; };
		148E380421CC57F70076110E /* SectionSetupVC.swift */ = {isa = PBXFileReference; lastKnownFileType = sourcecode.swift; path = SectionSetupVC.swift; sourceTree = "<group>"; };
		14AE515021CC395700106A05 /* SelectionSection.swift */ = {isa = PBXFileReference; lastKnownFileType = sourcecode.swift; path = SelectionSection.swift; sourceTree = "<group>"; };
		14EEC8E821D543C2001B7646 /* timg.jpeg */ = {isa = PBXFileReference; lastKnownFileType = image.jpeg; path = timg.jpeg; sourceTree = "<group>"; };
		3DE9A5D421DCAB9A00BB2271 /* CandidateCollectionViewCell.swift */ = {isa = PBXFileReference; fileEncoding = 4; lastKnownFileType = sourcecode.swift; name = CandidateCollectionViewCell.swift; path = ../../../../Desktop/CandidateCollectionViewCell.swift; sourceTree = "<group>"; };
		3DE9A5D621DCABA800BB2271 /* CandidateCollectionViewCell.xib */ = {isa = PBXFileReference; fileEncoding = 4; lastKnownFileType = file.xib; name = CandidateCollectionViewCell.xib; path = ../../../../Desktop/CandidateCollectionViewCell.xib; sourceTree = "<group>"; };
/* End PBXFileReference section */

/* Begin PBXFrameworksBuildPhase section */
		1428821C21BE1EFD003670F0 /* Frameworks */ = {
			isa = PBXFrameworksBuildPhase;
			buildActionMask = 2147483647;
			files = (
			);
			runOnlyForDeploymentPostprocessing = 0;
		};
/* End PBXFrameworksBuildPhase section */

/* Begin PBXGroup section */
		1428821621BE1EFD003670F0 = {
			isa = PBXGroup;
			children = (
				1428822121BE1EFD003670F0 /* choice */,
				1428822021BE1EFD003670F0 /* Products */,
			);
			sourceTree = "<group>";
		};
		1428822021BE1EFD003670F0 /* Products */ = {
			isa = PBXGroup;
			children = (
				1428821F21BE1EFD003670F0 /* choice.app */,
			);
			name = Products;
			sourceTree = "<group>";
		};
		1428822121BE1EFD003670F0 /* choice */ = {
			isa = PBXGroup;
			children = (
				1428822221BE1EFD003670F0 /* AppDelegate.swift */,
				148E380921CC5B7D0076110E /* Class */,
				148E380821CC5B6B0076110E /* VC */,
				3DE9A5D321DC334D00BB2271 /* Storyboard */,
				1428822921BE1EFE003670F0 /* Assets.xcassets */,
				14EEC8E821D543C2001B7646 /* timg.jpeg */,
				1428822B21BE1EFE003670F0 /* LaunchScreen.storyboard */,
				1428822E21BE1EFE003670F0 /* Info.plist */,
			);
			path = choice;
			sourceTree = "<group>";
		};
		148E380821CC5B6B0076110E /* VC */ = {
			isa = PBXGroup;
			children = (
				148E380421CC57F70076110E /* SectionSetupVC.swift */,
				3DE9A5D421DCAB9A00BB2271 /* CandidateCollectionViewCell.swift */,
			);
			path = VC;
			sourceTree = "<group>";
		};
		148E380921CC5B7D0076110E /* Class */ = {
			isa = PBXGroup;
			children = (
				1428823421BE1F4C003670F0 /* Candidate.swift */,
				14AE515021CC395700106A05 /* SelectionSection.swift */,
				148E380221CC55000076110E /* History.swift */,
			);
			path = Class;
			sourceTree = "<group>";
		};
		3DE9A5D321DC334D00BB2271 /* Storyboard */ = {
			isa = PBXGroup;
			children = (
				3DE9A5D621DCABA800BB2271 /* CandidateCollectionViewCell.xib */,
				1428822621BE1EFD003670F0 /* Main.storyboard */,
			);
			path = Storyboard;
			sourceTree = "<group>";
		};
/* End PBXGroup section */

/* Begin PBXNativeTarget section */
		1428821E21BE1EFD003670F0 /* choice */ = {
			isa = PBXNativeTarget;
			buildConfigurationList = 1428823121BE1EFE003670F0 /* Build configuration list for PBXNativeTarget "choice" */;
			buildPhases = (
				1428821B21BE1EFD003670F0 /* Sources */,
				1428821C21BE1EFD003670F0 /* Frameworks */,
				1428821D21BE1EFD003670F0 /* Resources */,
			);
			buildRules = (
			);
			dependencies = (
			);
			name = choice;
			productName = choice;
			productReference = 1428821F21BE1EFD003670F0 /* choice.app */;
			productType = "com.apple.product-type.application";
		};
/* End PBXNativeTarget section */

/* Begin PBXProject section */
		1428821721BE1EFD003670F0 /* Project object */ = {
			isa = PBXProject;
			attributes = {
				LastSwiftUpdateCheck = 0940;
				LastUpgradeCheck = 0940;
				ORGANIZATIONNAME = Ling;
				TargetAttributes = {
					1428821E21BE1EFD003670F0 = {
						CreatedOnToolsVersion = 9.4;
						LastSwiftMigration = 1010;
					};
				};
			};
			buildConfigurationList = 1428821A21BE1EFD003670F0 /* Build configuration list for PBXProject "choice" */;
			compatibilityVersion = "Xcode 9.3";
			developmentRegion = en;
			hasScannedForEncodings = 0;
			knownRegions = (
				en,
				Base,
			);
			mainGroup = 1428821621BE1EFD003670F0;
			productRefGroup = 1428822021BE1EFD003670F0 /* Products */;
			projectDirPath = "";
			projectRoot = "";
			targets = (
				1428821E21BE1EFD003670F0 /* choice */,
			);
		};
/* End PBXProject section */

/* Begin PBXResourcesBuildPhase section */
		1428821D21BE1EFD003670F0 /* Resources */ = {
			isa = PBXResourcesBuildPhase;
			buildActionMask = 2147483647;
			files = (
				1428822D21BE1EFE003670F0 /* LaunchScreen.storyboard in Resources */,
				1428822A21BE1EFE003670F0 /* Assets.xcassets in Resources */,
				14EEC8E921D543C2001B7646 /* timg.jpeg in Resources */,
				1428822821BE1EFD003670F0 /* Main.storyboard in Resources */,
				3DE9A5D721DCABA800BB2271 /* CandidateCollectionViewCell.xib in Resources */,
			);
			runOnlyForDeploymentPostprocessing = 0;
		};
/* End PBXResourcesBuildPhase section */

/* Begin PBXSourcesBuildPhase section */
		1428821B21BE1EFD003670F0 /* Sources */ = {
			isa = PBXSourcesBuildPhase;
			buildActionMask = 2147483647;
			files = (
				148E380521CC57F70076110E /* SectionSetupVC.swift in Sources */,
				14AE515121CC395700106A05 /* SelectionSection.swift in Sources */,
				1428823521BE1F4C003670F0 /* Candidate.swift in Sources */,
				1428822321BE1EFD003670F0 /* AppDelegate.swift in Sources */,
				3DE9A5D521DCAB9A00BB2271 /* CandidateCollectionViewCell.swift in Sources */,
				148E380321CC55000076110E /* History.swift in Sources */,
			);
			runOnlyForDeploymentPostprocessing = 0;
		};
/* End PBXSourcesBuildPhase section */

/* Begin PBXVariantGroup section */
		1428822621BE1EFD003670F0 /* Main.storyboard */ = {
			isa = PBXVariantGroup;
			children = (
				1428822721BE1EFD003670F0 /* Base */,
			);
			name = Main.storyboard;
			sourceTree = "<group>";
		};
		1428822B21BE1EFE003670F0 /* LaunchScreen.storyboard */ = {
			isa = PBXVariantGroup;
			children = (
				1428822C21BE1EFE003670F0 /* Base */,
			);
			name = LaunchScreen.storyboard;
			sourceTree = "<group>";
		};
/* End PBXVariantGroup section */

/* Begin XCBuildConfiguration section */
		1428822F21BE1EFE003670F0 /* Debug */ = {
			isa = XCBuildConfiguration;
			buildSettings = {
				ALWAYS_SEARCH_USER_PATHS = NO;
				CLANG_ANALYZER_NONNULL = YES;
				CLANG_ANALYZER_NUMBER_OBJECT_CONVERSION = YES_AGGRESSIVE;
				CLANG_CXX_LANGUAGE_STANDARD = "gnu++14";
				CLANG_CXX_LIBRARY = "libc++";
				CLANG_ENABLE_MODULES = YES;
				CLANG_ENABLE_OBJC_ARC = YES;
				CLANG_ENABLE_OBJC_WEAK = YES;
				CLANG_WARN_BLOCK_CAPTURE_AUTORELEASING = YES;
				CLANG_WARN_BOOL_CONVERSION = YES;
				CLANG_WARN_COMMA = YES;
				CLANG_WARN_CONSTANT_CONVERSION = YES;
				CLANG_WARN_DEPRECATED_OBJC_IMPLEMENTATIONS = YES;
				CLANG_WARN_DIRECT_OBJC_ISA_USAGE = YES_ERROR;
				CLANG_WARN_DOCUMENTATION_COMMENTS = YES;
				CLANG_WARN_EMPTY_BODY = YES;
				CLANG_WARN_ENUM_CONVERSION = YES;
				CLANG_WARN_INFINITE_RECURSION = YES;
				CLANG_WARN_INT_CONVERSION = YES;
				CLANG_WARN_NON_LITERAL_NULL_CONVERSION = YES;
				CLANG_WARN_OBJC_IMPLICIT_RETAIN_SELF = YES;
				CLANG_WARN_OBJC_LITERAL_CONVERSION = YES;
				CLANG_WARN_OBJC_ROOT_CLASS = YES_ERROR;
				CLANG_WARN_RANGE_LOOP_ANALYSIS = YES;
				CLANG_WARN_STRICT_PROTOTYPES = YES;
				CLANG_WARN_SUSPICIOUS_MOVE = YES;
				CLANG_WARN_UNGUARDED_AVAILABILITY = YES_AGGRESSIVE;
				CLANG_WARN_UNREACHABLE_CODE = YES;
				CLANG_WARN__DUPLICATE_METHOD_MATCH = YES;
				CODE_SIGN_IDENTITY = "iPhone Developer";
				COPY_PHASE_STRIP = NO;
				DEBUG_INFORMATION_FORMAT = dwarf;
				ENABLE_STRICT_OBJC_MSGSEND = YES;
				ENABLE_TESTABILITY = YES;
				GCC_C_LANGUAGE_STANDARD = gnu11;
				GCC_DYNAMIC_NO_PIC = NO;
				GCC_NO_COMMON_BLOCKS = YES;
				GCC_OPTIMIZATION_LEVEL = 0;
				GCC_PREPROCESSOR_DEFINITIONS = (
					"DEBUG=1",
					"$(inherited)",
				);
				GCC_WARN_64_TO_32_BIT_CONVERSION = YES;
				GCC_WARN_ABOUT_RETURN_TYPE = YES_ERROR;
				GCC_WARN_UNDECLARED_SELECTOR = YES;
				GCC_WARN_UNINITIALIZED_AUTOS = YES_AGGRESSIVE;
				GCC_WARN_UNUSED_FUNCTION = YES;
				GCC_WARN_UNUSED_VARIABLE = YES;
				IPHONEOS_DEPLOYMENT_TARGET = 11.4;
				MTL_ENABLE_DEBUG_INFO = YES;
				ONLY_ACTIVE_ARCH = YES;
				SDKROOT = iphoneos;
				SWIFT_ACTIVE_COMPILATION_CONDITIONS = DEBUG;
				SWIFT_OPTIMIZATION_LEVEL = "-Onone";
			};
			name = Debug;
		};
		1428823021BE1EFE003670F0 /* Release */ = {
			isa = XCBuildConfiguration;
			buildSettings = {
				ALWAYS_SEARCH_USER_PATHS = NO;
				CLANG_ANALYZER_NONNULL = YES;
				CLANG_ANALYZER_NUMBER_OBJECT_CONVERSION = YES_AGGRESSIVE;
				CLANG_CXX_LANGUAGE_STANDARD = "gnu++14";
				CLANG_CXX_LIBRARY = "libc++";
				CLANG_ENABLE_MODULES = YES;
				CLANG_ENABLE_OBJC_ARC = YES;
				CLANG_ENABLE_OBJC_WEAK = YES;
				CLANG_WARN_BLOCK_CAPTURE_AUTORELEASING = YES;
				CLANG_WARN_BOOL_CONVERSION = YES;
				CLANG_WARN_COMMA = YES;
				CLANG_WARN_CONSTANT_CONVERSION = YES;
				CLANG_WARN_DEPRECATED_OBJC_IMPLEMENTATIONS = YES;
				CLANG_WARN_DIRECT_OBJC_ISA_USAGE = YES_ERROR;
				CLANG_WARN_DOCUMENTATION_COMMENTS = YES;
				CLANG_WARN_EMPTY_BODY = YES;
				CLANG_WARN_ENUM_CONVERSION = YES;
				CLANG_WARN_INFINITE_RECURSION = YES;
				CLANG_WARN_INT_CONVERSION = YES;
				CLANG_WARN_NON_LITERAL_NULL_CONVERSION = YES;
				CLANG_WARN_OBJC_IMPLICIT_RETAIN_SELF = YES;
				CLANG_WARN_OBJC_LITERAL_CONVERSION = YES;
				CLANG_WARN_OBJC_ROOT_CLASS = YES_ERROR;
				CLANG_WARN_RANGE_LOOP_ANALYSIS = YES;
				CLANG_WARN_STRICT_PROTOTYPES = YES;
				CLANG_WARN_SUSPICIOUS_MOVE = YES;
				CLANG_WARN_UNGUARDED_AVAILABILITY = YES_AGGRESSIVE;
				CLANG_WARN_UNREACHABLE_CODE = YES;
				CLANG_WARN__DUPLICATE_METHOD_MATCH = YES;
				CODE_SIGN_IDENTITY = "iPhone Developer";
				COPY_PHASE_STRIP = NO;
				DEBUG_INFORMATION_FORMAT = "dwarf-with-dsym";
				ENABLE_NS_ASSERTIONS = NO;
				ENABLE_STRICT_OBJC_MSGSEND = YES;
				GCC_C_LANGUAGE_STANDARD = gnu11;
				GCC_NO_COMMON_BLOCKS = YES;
				GCC_WARN_64_TO_32_BIT_CONVERSION = YES;
				GCC_WARN_ABOUT_RETURN_TYPE = YES_ERROR;
				GCC_WARN_UNDECLARED_SELECTOR = YES;
				GCC_WARN_UNINITIALIZED_AUTOS = YES_AGGRESSIVE;
				GCC_WARN_UNUSED_FUNCTION = YES;
				GCC_WARN_UNUSED_VARIABLE = YES;
				IPHONEOS_DEPLOYMENT_TARGET = 11.4;
				MTL_ENABLE_DEBUG_INFO = NO;
				SDKROOT = iphoneos;
				SWIFT_COMPILATION_MODE = wholemodule;
				SWIFT_OPTIMIZATION_LEVEL = "-O";
				VALIDATE_PRODUCT = YES;
			};
			name = Release;
		};
		1428823221BE1EFE003670F0 /* Debug */ = {
			isa = XCBuildConfiguration;
			buildSettings = {
				ASSETCATALOG_COMPILER_APPICON_NAME = AppIcon;
				CODE_SIGN_STYLE = Automatic;
				DEVELOPMENT_TEAM = TM264FVPQ8;
				INFOPLIST_FILE = choice/Info.plist;
				LD_RUNPATH_SEARCH_PATHS = (
					"$(inherited)",
					"@executable_path/Frameworks",
				);
				PRODUCT_BUNDLE_IDENTIFIER = Ling.choice;
				PRODUCT_NAME = "$(TARGET_NAME)";
				SWIFT_VERSION = 4.2;
				TARGETED_DEVICE_FAMILY = "1,2";
			};
			name = Debug;
		};
		1428823321BE1EFE003670F0 /* Release */ = {
			isa = XCBuildConfiguration;
			buildSettings = {
				ASSETCATALOG_COMPILER_APPICON_NAME = AppIcon;
				CODE_SIGN_STYLE = Automatic;
				DEVELOPMENT_TEAM = TM264FVPQ8;
				INFOPLIST_FILE = choice/Info.plist;
				LD_RUNPATH_SEARCH_PATHS = (
					"$(inherited)",
					"@executable_path/Frameworks",
				);
				PRODUCT_BUNDLE_IDENTIFIER = Ling.choice;
				PRODUCT_NAME = "$(TARGET_NAME)";
				SWIFT_VERSION = 4.2;
				TARGETED_DEVICE_FAMILY = "1,2";
			};
			name = Release;
		};
/* End XCBuildConfiguration section */

/* Begin XCConfigurationList section */
		1428821A21BE1EFD003670F0 /* Build configuration list for PBXProject "choice" */ = {
			isa = XCConfigurationList;
			buildConfigurations = (
				1428822F21BE1EFE003670F0 /* Debug */,
				1428823021BE1EFE003670F0 /* Release */,
			);
			defaultConfigurationIsVisible = 0;
			defaultConfigurationName = Release;
		};
		1428823121BE1EFE003670F0 /* Build configuration list for PBXNativeTarget "choice" */ = {
			isa = XCConfigurationList;
			buildConfigurations = (
				1428823221BE1EFE003670F0 /* Debug */,
				1428823321BE1EFE003670F0 /* Release */,
			);
			defaultConfigurationIsVisible = 0;
			defaultConfigurationName = Release;
		};
/* End XCConfigurationList section */
	};
	rootObject = 1428821721BE1EFD003670F0 /* Project object */;
}
